
Microsoft Visual Studio Solution File, Format Version 12.00
# Visual Studio Version 17
VisualStudioVersion = 17.0.31903.59
MinimumVisualStudioVersion = 10.0.40219.1
Project("{2150E333-8FDC-42A3-9474-1A3956D46DE8}") = "src", "src", "{827E0CD3-B72D-47B6-A68D-7590B98EB39B}"
EndProject
Project("{FAE04EC0-301F-11D3-BF4B-00C04F79EFBC}") = "HngStageOne.Api", "src\HngStageOne.Api\HngStageOne.Api.csproj", "{3018E06C-C8D5-4BD6-9743-1A63765E3397}"
EndProject
Project("{2150E333-8FDC-42A3-9474-1A3956D46DE8}") = "tests", "tests", "{0AB3BF05-4346-4AA6-1389-037BE0695223}"
EndProject
Project("{FAE04EC0-301F-11D3-BF4B-00C04F79EFBC}") = "HngStageOne.Api.Tests", "tests\HngStageOne.Api.Tests\HngStageOne.Api.Tests.csproj", "{FB3E158C-374E-4D80-BFAC-784CB629204D}"
EndProject
Global
	GlobalSection(SolutionConfigurationPlatforms) = preSolution
		Debug|Any CPU = Debug|Any CPU
		Debug|x64 = Debug|x64
		Debug|x86 = Debug|x86
		Release|Any CPU = Release|Any CPU
		Release|x64 = Release|x64
		Release|x86 = Release|x86
	EndGlobalSection
	GlobalSection(ProjectConfigurationPlatforms) = postSolution
		{3018E06C-C8D5-4BD6-9743-1A63765E3397}.Debug|Any CPU.ActiveCfg = Debug|Any CPU
		{3018E06C-C8D5-4BD6-9743-1A63765E3397}.Debug|Any CPU.Build.0 = Debug|Any CPU
		{3018E06C-C8D5-4BD6-9743-1A63765E3397}.Debug|x64.ActiveCfg = Debug|Any CPU
		{3018E06C-C8D5-4BD6-9743-1A63765E3397}.Debug|x64.Build.0 = Debug|Any CPU
		{3018E06C-C8D5-4BD6-9743-1A63765E3397}.Debug|x86.ActiveCfg = Debug|Any CPU
		{3018E06C-C8D5-4BD6-9743-1A63765E3397}.Debug|x86.Build.0 = Debug|Any CPU
		{3018E06C-C8D5-4BD6-9743-1A63765E3397}.Release|Any CPU.ActiveCfg = Release|Any CPU
		{3018E06C-C8D5-4BD6-9743-1A63765E3397}.Release|Any CPU.Build.0 = Release|Any CPU
		{3018E06C-C8D5-4BD6-9743-1A63765E3397}.Release|x64.ActiveCfg = Release|Any CPU
		{3018E06C-C8D5-4BD6-9743-1A63765E3397}.Release|x64.Build.0 = Release|Any CPU
		{3018E06C-C8D5-4BD6-9743-1A63765E3397}.Release|x86.ActiveCfg = Release|Any CPU
		{3018E06C-C8D5-4BD6-9743-1A63765E3397}.Release|x86.Build.0 = Release|Any CPU
		{FB3E158C-374E-4D80-BFAC-784CB629204D}.Debug|Any CPU.ActiveCfg = Debug|Any CPU
		{FB3E158C-374E-4D80-BFAC-784CB629204D}.Debug|Any CPU.Build.0 = Debug|Any CPU
		{FB3E158C-374E-4D80-BFAC-784CB629204D}.Debug|x64.ActiveCfg = Debug|Any CPU
		{FB3E158C-374E-4D80-BFAC-784CB629204D}.Debug|x64.Build.0 = Debug|Any CPU
		{FB3E158C-374E-4D80-BFAC-784CB629204D}.Debug|x86.ActiveCfg = Debug|Any CPU
		{FB3E158C-374E-4D80-BFAC-784CB629204D}.Debug|x86.Build.0 = Debug|Any CPU
		{FB3E158C-374E-4D80-BFAC-784CB629204D}.Release|Any CPU.ActiveCfg = Release|Any CPU
		{FB3E158C-374E-4D80-BFAC-784CB629204D}.Release|Any CPU.Build.0 = Release|Any CPU
		{FB3E158C-374E-4D80-BFAC-784CB629204D}.Release|x64.ActiveCfg = Release|Any CPU
		{FB3E158C-374E-4D80-BFAC-784CB629204D}.Release|x64.Build.0 = Release|Any CPU
		{FB3E158C-374E-4D80-BFAC-784CB629204D}.Release|x86.ActiveCfg = Release|Any CPU
		{FB3E158C-374E-4D80-BFAC-784CB629204D}.Release|x86.Build.0 = Release|Any CPU
	EndGlobalSection
	GlobalSection(SolutionProperties) = preSolution
		HideSolutionNode = FALSE
	EndGlobalSection
	GlobalSection(NestedProjects) = preSolution
		{3018E06C-C8D5-4BD6-9743-1A63765E3397} = {827E0CD3-B72D-47B6-A68D-7590B98EB39B}
		{FB3E158C-374E-4D80-BFAC-784CB629204D} = {0AB3BF05-4346-4AA6-1389-037BE0695223}
	EndGlobalSection
EndGlobal
